
Microsoft Visual Studio Solution File, Format Version 12.00
# Visual Studio Version 16
VisualStudioVersion = 16.0.32413.511
MinimumVisualStudioVersion = 10.0.40219.1
Project("{D2ABAB84-BF74-430A-B69E-9DC6D40DDA17}") = "Practice6Cubes", "Practice6Cubes\Practice6Cubes.dwproj", "{0CD940F2-4366-460E-9322-8160E4C68640}"
EndProject
Global
	GlobalSection(SolutionConfigurationPlatforms) = preSolution
		Development|Default = Development|Default
	EndGlobalSection
	GlobalSection(ProjectConfigurationPlatforms) = postSolution
		{0CD940F2-4366-460E-9322-8160E4C68640}.Development|Default.ActiveCfg = Development
		{0CD940F2-4366-460E-9322-8160E4C68640}.Development|Default.Build.0 = Development
		{0CD940F2-4366-460E-9322-8160E4C68640}.Development|Default.Deploy.0 = Development
	EndGlobalSection
	GlobalSection(SolutionProperties) = preSolution
		HideSolutionNode = FALSE
	EndGlobalSection
	GlobalSection(ExtensibilityGlobals) = postSolution
		SolutionGuid = {9359BD01-F513-4173-9A94-CD570AD74312}
	EndGlobalSection
EndGlobal
